
Microsoft Visual Studio Solution File, Format Version 12.00
# Visual Studio Version 16
VisualStudioVersion = 16.0.31321.278
MinimumVisualStudioVersion = 10.0.40219.1
Project("{FAE04EC0-301F-11D3-BF4B-00C04F79EFBC}") = "consumewebapi", "consumewebapi\consumewebapi.csproj", "{A317DD1F-C23C-4A57-B30F-6668C9DDD719}"
EndProject
Global
	GlobalSection(SolutionConfigurationPlatforms) = preSolution
		Debug|Any CPU = Debug|Any CPU
		Release|Any CPU = Release|Any CPU
	EndGlobalSection
	GlobalSection(ProjectConfigurationPlatforms) = postSolution
		{A317DD1F-C23C-4A57-B30F-6668C9DDD719}.Debug|Any CPU.ActiveCfg = Debug|Any CPU
		{A317DD1F-C23C-4A57-B30F-6668C9DDD719}.Debug|Any CPU.Build.0 = Debug|Any CPU
		{A317DD1F-C23C-4A57-B30F-6668C9DDD719}.Release|Any CPU.ActiveCfg = Release|Any CPU
		{A317DD1F-C23C-4A57-B30F-6668C9DDD719}.Release|Any CPU.Build.0 = Release|Any CPU
	EndGlobalSection
	GlobalSection(SolutionProperties) = preSolution
		HideSolutionNode = FALSE
	EndGlobalSection
	GlobalSection(ExtensibilityGlobals) = postSolution
		SolutionGuid = {8A4D37BE-1D83-42FB-84DE-542E6B1526F5}
	EndGlobalSection
EndGlobal
